
Microsoft Visual Studio Solution File, Format Version 12.00
# Visual Studio 15
VisualStudioVersion = 15.0.28307.1022
MinimumVisualStudioVersion = 10.0.40219.1
Project("{FAE04EC0-301F-11D3-BF4B-00C04F79EFBC}") = "Lewd_Code", "ERO things\Lewd_Code.csproj", "{69E4EBC1-DF59-4841-ABAB-85FB1E2CD3BB}"
EndProject
Global
	GlobalSection(SolutionConfigurationPlatforms) = preSolution
		Debug|Any CPU = Debug|Any CPU
		Release|Any CPU = Release|Any CPU
	EndGlobalSection
	GlobalSection(ProjectConfigurationPlatforms) = postSolution
		{69E4EBC1-DF59-4841-ABAB-85FB1E2CD3BB}.Debug|Any CPU.ActiveCfg = Debug|Any CPU
		{69E4EBC1-DF59-4841-ABAB-85FB1E2CD3BB}.Debug|Any CPU.Build.0 = Debug|Any CPU
		{69E4EBC1-DF59-4841-ABAB-85FB1E2CD3BB}.Release|Any CPU.ActiveCfg = Release|Any CPU
		{69E4EBC1-DF59-4841-ABAB-85FB1E2CD3BB}.Release|Any CPU.Build.0 = Release|Any CPU
	EndGlobalSection
	GlobalSection(SolutionProperties) = preSolution
		HideSolutionNode = FALSE
	EndGlobalSection
	GlobalSection(ExtensibilityGlobals) = postSolution
		SolutionGuid = {55D13AF3-AFE1-4AEE-BAFE-9AEB48E28AEE}
	EndGlobalSection
EndGlobal
